
Microsoft Visual Studio Solution File, Format Version 12.00
# Visual Studio Version 17
VisualStudioVersion = 17.2.32630.192
MinimumVisualStudioVersion = 10.0.40219.1
Project("{9A19103F-16F7-4668-BE54-9A1E7A4F7556}") = "Day3", "Day3\Day3.csproj", "{D1D263B8-C9B5-4E52-ABA2-219F8F504987}"
EndProject
Project("{9A19103F-16F7-4668-BE54-9A1E7A4F7556}") = "Day13", "Day13\Day13.csproj", "{0096E062-AD7D-4DB6-8827-08FC38923D9D}"
EndProject
Project("{FAE04EC0-301F-11D3-BF4B-00C04F79EFBC}") = "Day11", "Day11\Day11.csproj", "{4BB942E8-9CDC-43A3-8737-EEDEDD53C799}"
EndProject
Global
	GlobalSection(SolutionConfigurationPlatforms) = preSolution
		Debug|Any CPU = Debug|Any CPU
		Release|Any CPU = Release|Any CPU
	EndGlobalSection
	GlobalSection(ProjectConfigurationPlatforms) = postSolution
		{D1D263B8-C9B5-4E52-ABA2-219F8F504987}.Debug|Any CPU.ActiveCfg = Debug|Any CPU
		{D1D263B8-C9B5-4E52-ABA2-219F8F504987}.Debug|Any CPU.Build.0 = Debug|Any CPU
		{D1D263B8-C9B5-4E52-ABA2-219F8F504987}.Release|Any CPU.ActiveCfg = Release|Any CPU
		{D1D263B8-C9B5-4E52-ABA2-219F8F504987}.Release|Any CPU.Build.0 = Release|Any CPU
		{0096E062-AD7D-4DB6-8827-08FC38923D9D}.Debug|Any CPU.ActiveCfg = Debug|Any CPU
		{0096E062-AD7D-4DB6-8827-08FC38923D9D}.Debug|Any CPU.Build.0 = Debug|Any CPU
		{0096E062-AD7D-4DB6-8827-08FC38923D9D}.Release|Any CPU.ActiveCfg = Release|Any CPU
		{0096E062-AD7D-4DB6-8827-08FC38923D9D}.Release|Any CPU.Build.0 = Release|Any CPU
		{4BB942E8-9CDC-43A3-8737-EEDEDD53C799}.Debug|Any CPU.ActiveCfg = Debug|Any CPU
		{4BB942E8-9CDC-43A3-8737-EEDEDD53C799}.Debug|Any CPU.Build.0 = Debug|Any CPU
		{4BB942E8-9CDC-43A3-8737-EEDEDD53C799}.Release|Any CPU.ActiveCfg = Release|Any CPU
		{4BB942E8-9CDC-43A3-8737-EEDEDD53C799}.Release|Any CPU.Build.0 = Release|Any CPU
	EndGlobalSection
	GlobalSection(SolutionProperties) = preSolution
		HideSolutionNode = FALSE
	EndGlobalSection
	GlobalSection(ExtensibilityGlobals) = postSolution
		SolutionGuid = {75A5EA11-2941-417B-8E0E-7A65DA938711}
	EndGlobalSection
EndGlobal
