# Generated by pub
# See https://dart.dev/tools/pub/glossary#lockfile
packages:
  collection:
    dependency: transitive
    description:
      name: collection
      sha256: cfc915e6923fe5ce6e153b0723c753045de46de1b4d63771530504004a45fae0
      url: "https://pub.dev"
    source: hosted
    version: "1.17.0"
  csslib:
    dependency: transitive
    description:
      name: csslib
      sha256: b36c7f7e24c0bdf1bf9a3da461c837d1de64b9f8beb190c9011d8c72a3dfd745
      url: "https://pub.dev"
    source: hosted
    version: "0.17.2"
  html:
    dependency: "direct main"
    description:
      name: html
      sha256: d9793e10dbe0e6c364f4c59bf3e01fb33a9b2a674bc7a1081693dba0614b6269
      url: "https://pub.dev"
    source: hosted
    version: "0.15.1"
  path:
    dependency: transitive
    description:
      name: path
      sha256: "8829d8a55c13fc0e37127c29fedf290c102f4e40ae94ada574091fe0ff96c917"
      url: "https://pub.dev"
    source: hosted
    version: "1.8.3"
  source_span:
    dependency: transitive
    description:
      name: source_span
      sha256: dd904f795d4b4f3b870833847c461801f6750a9fa8e61ea5ac53f9422b31f250
      url: "https://pub.dev"
    source: hosted
    version: "1.9.1"
  term_glyph:
    dependency: transitive
    description:
      name: term_glyph
      sha256: a29248a84fbb7c79282b40b8c72a1209db169a2e0542bce341da992fe1bc7e84
      url: "https://pub.dev"
    source: hosted
    version: "1.2.1"
  tuple:
    dependency: "direct main"
    description:
      name: tuple
      sha256: "0ea99cd2f9352b2586583ab2ce6489d1f95a5f6de6fb9492faaf97ae2060f0aa"
      url: "https://pub.dev"
    source: hosted
    version: "2.0.1"
sdks:
  dart: "3.0.5"
